<?xml version="1.0" encoding="utf-8"?>
<Project ToolsVersion="4.0" xmlns="http://schemas.microsoft.com/developer/msbuild/2003">
  <ItemGroup>
    <Filter Include="Source Files">
      <UniqueIdentifier>{4FC737F1-C7A5-4376-A066-2A32D752A2FF}</UniqueIdentifier>
    </Filter>
    <Filter Include="Header Files">
      <UniqueIdentifier>{93995380-89BD-4b04-88EB-625FBE52EBFB}</UniqueIdentifier>
    </Filter>
    <Filter Include="Resource Files">
      <UniqueIdentifier>{67DA6AB6-F800-4c08-8B7A-83BB121AAD01}</UniqueIdentifier>
    </Filter>
    <Filter Include="Other Files">
      <UniqueIdentifier>{A7B5F08C-0F5D-4B1D-A1F2-EDB7C3F7D2F9}</UniqueIdentifier>
    </Filter>
  </ItemGroup>
  <ItemGroup>
    <Text Include="ReadMe.txt">
      <Filter>Resource Files</Filter>
    </Text>
    <Text Include="res\Acknowledgement.txt">
      <Filter>Resource Files</Filter>
    </Text>
    <Text Include="res\Acknowledgement_en.txt">
      <Filter>Resource Files</Filter>
    </Text>
    <ResourceCompile Include="TaskbarMon.rc">
      <Filter>Resource Files</Filter>
    </ResourceCompile>
    <Image Include="res\about_background_hd.bmp">
      <Filter>Resource Files</Filter>
    </Image>
    <Image Include="res\bitmap3.bmp">
      <Filter>Resource Files</Filter>
    </Image>
    <Image Include="res\menu_icon\close.ico">
      <Filter>Resource Files</Filter>
    </Image>
    <Image Include="res\menu_icon\connection.ico">
      <Filter>Resource Files</Filter>
    </Image>
    <Image Include="res\menu_icon\exit.ico">
      <Filter>Resource Files</Filter>
    </Image>
    <Image Include="res\menu_icon\function.ico">
      <Filter>Resource Files</Filter>
    </Image>
    <Image Include="res\menu_icon\help.ico">
      <Filter>Resource Files</Filter>
    </Image>
    <Image Include="res\menu_icon\info.ico">
      <Filter>Resource Files</Filter>
    </Image>
    <Image Include="res\menu_icon\item.ico">
      <Filter>Resource Files</Filter>
    </Image>
    <Image Include="res\menu_icon\lock.ico">
      <Filter>Resource Files</Filter>
    </Image>
    <Image Include="res\menu_icon\main_window.ico">
      <Filter>Resource Files</Filter>
    </Image>
    <Image Include="res\menu_icon\more.ico">
      <Filter>Resource Files</Filter>
    </Image>
    <Image Include="res\menu_icon\mouse.ico">
      <Filter>Resource Files</Filter>
    </Image>
    <Image Include="res\menu_icon\notify.ico">
      <Filter>Resource Files</Filter>
    </Image>
    <Image Include="res\menu_icon\pin.ico">
      <Filter>Resource Files</Filter>
    </Image>
    <Image Include="res\menu_icon\plugins.ico">
      <Filter>Resource Files</Filter>
    </Image>
    <Image Include="res\menu_icon\plugin_disabled.ico">
      <Filter>Resource Files</Filter>
    </Image>
    <Image Include="res\menu_icon\setting.ico">
      <Filter>Resource Files</Filter>
    </Image>
    <Image Include="res\menu_icon\skn.ico">
      <Filter>Resource Files</Filter>
    </Image>
    <Image Include="res\menu_icon\statistics.ico">
      <Filter>Resource Files</Filter>
    </Image>
    <Image Include="res\menu_icon\taskbar_window.ico">
      <Filter>Resource Files</Filter>
    </Image>
    <Image Include="res\menu_icon\task_manager.ico">
      <Filter>Resource Files</Filter>
    </Image>
    <Image Include="res\notifyicon.ico">
      <Filter>Resource Files</Filter>
    </Image>
    <Image Include="res\notifyicon2.ico">
      <Filter>Resource Files</Filter>
    </Image>
    <Image Include="res\notifyicon3.ico">
      <Filter>Resource Files</Filter>
    </Image>
    <Image Include="res\notifyicon4.ico">
      <Filter>Resource Files</Filter>
    </Image>
    <Image Include="res\notifyicon5.ico">
      <Filter>Resource Files</Filter>
    </Image>
    <Image Include="res\notify_preview.bmp">
      <Filter>Resource Files</Filter>
    </Image>
    <Image Include="res\notify_preview_light.bmp">
      <Filter>Resource Files</Filter>
    </Image>
    <Image Include="res\TaskbarMon.ico">
      <Filter>Resource Files</Filter>
    </Image>
  </ItemGroup>
  <ItemGroup>
    <ClInclude Include="AboutDlg.h">
      <Filter>Header Files</Filter>
    </ClInclude>
    <ClInclude Include="AdapterCommon.h">
      <Filter>Header Files</Filter>
    </ClInclude>
    <ClInclude Include="AppAlreadyRuningDlg.h">
      <Filter>Header Files</Filter>
    </ClInclude>
    <ClInclude Include="auto_start_helper.h">
      <Filter>Header Files</Filter>
    </ClInclude>
    <ClInclude Include="BaseDialog.h">
      <Filter>Header Files</Filter>
    </ClInclude>
    <ClInclude Include="CalendarHelper.h">
      <Filter>Header Files</Filter>
    </ClInclude>
    <ClInclude Include="CAutoAdaptSettingsDlg.h">
      <Filter>Header Files</Filter>
    </ClInclude>
    <ClInclude Include="ClassicalTaskbarDlg.h">
      <Filter>Header Files</Filter>
    </ClInclude>
    <ClInclude Include="CMFCColorDialogEx.h">
      <Filter>Header Files</Filter>
    </ClInclude>
    <ClInclude Include="ColorSettingListCtrl.h">
      <Filter>Header Files</Filter>
    </ClInclude>
    <ClInclude Include="ComboBox2.h">
      <Filter>Header Files</Filter>
    </ClInclude>
    <ClInclude Include="crashtool.h">
      <Filter>Header Files</Filter>
    </ClInclude>
    <ClInclude Include="CTabCtrlEx.h">
      <Filter>Header Files</Filter>
    </ClInclude>
    <ClInclude Include="CVariant.h">
      <Filter>Header Files</Filter>
    </ClInclude>
    <ClInclude Include="D2D1Support.h">
      <Filter>Header Files</Filter>
    </ClInclude>
    <ClInclude Include="D3D10Support1.h">
      <Filter>Header Files</Filter>
    </ClInclude>
    <ClInclude Include="DCompositionSupport.h">
      <Filter>Header Files</Filter>
    </ClInclude>
    <ClInclude Include="DisplayItem.h">
      <Filter>Header Files</Filter>
    </ClInclude>
    <ClInclude Include="DisplayTextSettingDlg.h">
      <Filter>Header Files</Filter>
    </ClInclude>
    <ClInclude Include="DllFunctions.h">
      <Filter>Header Files</Filter>
    </ClInclude>
    <ClInclude Include="DrawCommonEx.h">
      <Filter>Header Files</Filter>
    </ClInclude>
    <ClInclude Include="DrawCommonFactory.h">
      <Filter>Header Files</Filter>
    </ClInclude>
    <ClInclude Include="DrawCommonHelper.h">
      <Filter>Header Files</Filter>
    </ClInclude>
    <ClInclude Include="DrawTextManager.h">
      <Filter>Header Files</Filter>
    </ClInclude>
    <ClInclude Include="Dxgi1Support2.h">
      <Filter>Header Files</Filter>
    </ClInclude>
    <ClInclude Include="FileDialogEx.h">
      <Filter>Header Files</Filter>
    </ClInclude>
    <ClInclude Include="FilePathHelper.h">
      <Filter>Header Files</Filter>
    </ClInclude>
    <ClInclude Include="HighResolutionTimer.h">
      <Filter>Header Files</Filter>
    </ClInclude>
    <ClInclude Include="HistoryTrafficCalendarDlg.h">
      <Filter>Header Files</Filter>
    </ClInclude>
    <ClInclude Include="HistoryTrafficFile.h">
      <Filter>Header Files</Filter>
    </ClInclude>
    <ClInclude Include="HistoryTrafficListDlg.h">
      <Filter>Header Files</Filter>
    </ClInclude>
    <ClInclude Include="HResultException.h">
      <Filter>Header Files</Filter>
    </ClInclude>
    <ClInclude Include="IDrawCommon.h">
      <Filter>Header Files</Filter>
    </ClInclude>
    <ClInclude Include="Image2DEffect.h">
      <Filter>Header Files</Filter>
    </ClInclude>
    <ClInclude Include="language.h">
      <Filter>Header Files</Filter>
    </ClInclude>
    <ClInclude Include="LinkStatic.h">
      <Filter>Header Files</Filter>
    </ClInclude>
    <ClInclude Include="ColorStatic.h">
      <Filter>Header Files</Filter>
    </ClInclude>
    <ClInclude Include="Common.h">
      <Filter>Header Files</Filter>
    </ClInclude>
    <ClInclude Include="CommonData.h">
      <Filter>Header Files</Filter>
    </ClInclude>
    <ClInclude Include="DrawCommon.h">
      <Filter>Header Files</Filter>
    </ClInclude>
    <ClInclude Include="GeneralSettingsDlg.h">
      <Filter>Header Files</Filter>
    </ClInclude>
    <ClInclude Include="HistoryTrafficDlg.h">
      <Filter>Header Files</Filter>
    </ClInclude>
    <ClInclude Include="IconSelectDlg.h">
      <Filter>Header Files</Filter>
    </ClInclude>
    <ClInclude Include="IniHelper.h">
      <Filter>Header Files</Filter>
    </ClInclude>
    <ClInclude Include="HistoryTrafficListCtrl.h">
      <Filter>Header Files</Filter>
    </ClInclude>
    <ClInclude Include="ListCtrlEx.h">
      <Filter>Header Files</Filter>
    </ClInclude>
    <ClInclude Include="MessageDlg.h">
      <Filter>Header Files</Filter>
    </ClInclude>
    <ClInclude Include="NetworkInfoDlg.h">
      <Filter>Header Files</Filter>
    </ClInclude>
    <ClInclude Include="Nullable.hpp">
      <Filter>Header Files</Filter>
    </ClInclude>
    <ClInclude Include="OptionsDlg.h">
      <Filter>Header Files</Filter>
    </ClInclude>
    <ClInclude Include="PdhHardwareQuery\CPUUsage.h">
      <Filter>Header Files</Filter>
    </ClInclude>
    <ClInclude Include="PdhHardwareQuery\CpuFreq.h">
      <Filter>Header Files</Filter>
    </ClInclude>
    <ClInclude Include="PdhHardwareQuery\GpuUsage.h">
      <Filter>Header Files</Filter>
    </ClInclude>
    <ClInclude Include="PdhHardwareQuery\DiskUsage.h">
      <Filter>Header Files</Filter>
    </ClInclude>
    <ClInclude Include="PdhHardwareQuery\PdhQuery.h">
      <Filter>Header Files</Filter>
    </ClInclude>
    <ClInclude Include="PictureStatic.h">
      <Filter>Header Files</Filter>
    </ClInclude>
    <ClInclude Include="RenderAPISupport.h">
      <Filter>Header Files</Filter>
    </ClInclude>
    <ClInclude Include="Resource.h">
      <Filter>Header Files</Filter>
    </ClInclude>
    <ClInclude Include="SelectConnectionsDlg.h">
      <Filter>Header Files</Filter>
    </ClInclude>
    <ClInclude Include="SetItemOrderDlg.h">
      <Filter>Header Files</Filter>
    </ClInclude>
    <ClInclude Include="SettingsHelper.h">
      <Filter>Header Files</Filter>
    </ClInclude>
    <ClInclude Include="SimpleXML.h">
      <Filter>Header Files</Filter>
    </ClInclude>
    <ClInclude Include="SpinEdit.h">
      <Filter>Header Files</Filter>
    </ClInclude>
    <ClInclude Include="StaticEx.h">
      <Filter>Header Files</Filter>
    </ClInclude>
    <ClInclude Include="stdafx.h">
      <Filter>Header Files</Filter>
    </ClInclude>
    <ClInclude Include="StrTable.h">
      <Filter>Header Files</Filter>
    </ClInclude>
    <ClInclude Include="SupportedRenderEnums.h">
      <Filter>Header Files</Filter>
    </ClInclude>
    <ClInclude Include="TabDlg.h">
      <Filter>Header Files</Filter>
    </ClInclude>
    <ClInclude Include="targetver.h">
      <Filter>Header Files</Filter>
    </ClInclude>
    <ClInclude Include="TaskbarColorDlg.h">
      <Filter>Header Files</Filter>
    </ClInclude>
    <ClInclude Include="TaskbarDefaultStyle.h">
      <Filter>Header Files</Filter>
    </ClInclude>
    <ClInclude Include="TaskBarDlg.h">
      <Filter>Header Files</Filter>
    </ClInclude>
    <ClInclude Include="TaskBarDlgDrawCommon.h">
      <Filter>Header Files</Filter>
    </ClInclude>
    <ClInclude Include="TaskbarHelper.h">
      <Filter>Header Files</Filter>
    </ClInclude>
    <ClInclude Include="TaskbarItemOrderHelper.h">
      <Filter>Header Files</Filter>
    </ClInclude>
    <ClInclude Include="TaskBarSettingsDlg.h">
      <Filter>Header Files</Filter>
    </ClInclude>
    <ClInclude Include="Test.h">
      <Filter>Header Files</Filter>
    </ClInclude>
    <ClInclude Include="tinyxml2\tinyxml2.h">
      <Filter>Header Files</Filter>
    </ClInclude>
    <ClInclude Include="TaskbarMon.h">
      <Filter>Header Files</Filter>
    </ClInclude>
    <ClInclude Include="TrafficMonitorDlg.h">
      <Filter>Header Files</Filter>
    </ClInclude>
    <ClInclude Include="UpdateHelper.h">
      <Filter>Header Files</Filter>
    </ClInclude>
    <ClInclude Include="WIC.h">
      <Filter>Header Files</Filter>
    </ClInclude>
    <ClInclude Include="Win11TaskbarDlg.h">
      <Filter>Header Files</Filter>
    </ClInclude>
    <ClInclude Include="Win11TaskbarSettingDlg.h">
      <Filter>Header Files</Filter>
    </ClInclude>
    <ClInclude Include="WindowsSettingHelper.h">
      <Filter>Header Files</Filter>
    </ClInclude>
    <ClInclude Include="WindowsWebExperienceDetector.h">
      <Filter>Header Files</Filter>
    </ClInclude>
    <ClInclude Include="WineTaskbarDlg.h">
      <Filter>Header Files</Filter>
    </ClInclude>
    <ClInclude Include="WinVersionHelper.h">
      <Filter>Header Files</Filter>
    </ClInclude>
    <ClInclude Include="core\MonitorService.h">
      <Filter>Header Files</Filter>
    </ClInclude>
    <ClInclude Include="core\MonitorTypes.h">
      <Filter>Header Files</Filter>
    </ClInclude>
    <ClInclude Include="core\ConfigStore.h">
      <Filter>Header Files</Filter>
    </ClInclude>
  </ItemGroup>
  <ItemGroup>
    <ClCompile Include="AboutDlg.cpp">
      <Filter>Source Files</Filter>
    </ClCompile>
    <ClCompile Include="AdapterCommon.cpp">
      <Filter>Source Files</Filter>
    </ClCompile>
    <ClCompile Include="AppAlreadyRuningDlg.cpp">
      <Filter>Source Files</Filter>
    </ClCompile>
    <ClCompile Include="auto_start_helper.cpp">
      <Filter>Source Files</Filter>
    </ClCompile>
    <ClCompile Include="BaseDialog.cpp">
      <Filter>Source Files</Filter>
    </ClCompile>
    <ClCompile Include="CalendarHelper.cpp">
      <Filter>Source Files</Filter>
    </ClCompile>
    <ClCompile Include="CAutoAdaptSettingsDlg.cpp">
      <Filter>Source Files</Filter>
    </ClCompile>
    <ClCompile Include="ClassicalTaskbarDlg.cpp">
      <Filter>Source Files</Filter>
    </ClCompile>
    <ClCompile Include="CMFCColorDialogEx.cpp">
      <Filter>Source Files</Filter>
    </ClCompile>
    <ClCompile Include="ColorSettingListCtrl.cpp">
      <Filter>Source Files</Filter>
    </ClCompile>
    <ClCompile Include="ComboBox2.cpp">
      <Filter>Source Files</Filter>
    </ClCompile>
    <ClCompile Include="CommonData.cpp">
      <Filter>Source Files</Filter>
    </ClCompile>
    <ClCompile Include="crashtool.cpp">
      <Filter>Source Files</Filter>
    </ClCompile>
    <ClCompile Include="CTabCtrlEx.cpp">
      <Filter>Source Files</Filter>
    </ClCompile>
    <ClCompile Include="CVariant.cpp">
      <Filter>Source Files</Filter>
    </ClCompile>
    <ClCompile Include="D2D1Support.cpp">
      <Filter>Source Files</Filter>
    </ClCompile>
    <ClCompile Include="D3D10Support1.cpp">
      <Filter>Source Files</Filter>
    </ClCompile>
    <ClCompile Include="DCompositionSupport.cpp">
      <Filter>Source Files</Filter>
    </ClCompile>
    <ClCompile Include="DisplayItem.cpp">
      <Filter>Source Files</Filter>
    </ClCompile>
    <ClCompile Include="DisplayTextSettingDlg.cpp">
      <Filter>Source Files</Filter>
    </ClCompile>
    <ClCompile Include="DllFunctions.cpp">
      <Filter>Source Files</Filter>
    </ClCompile>
    <ClCompile Include="DrawCommonEx.cpp">
      <Filter>Source Files</Filter>
    </ClCompile>
    <ClCompile Include="DrawCommonFactory.cpp">
      <Filter>Source Files</Filter>
    </ClCompile>
    <ClCompile Include="DrawCommonHelper.cpp">
      <Filter>Source Files</Filter>
    </ClCompile>
    <ClCompile Include="DrawTextManager.cpp">
      <Filter>Source Files</Filter>
    </ClCompile>
    <ClCompile Include="Dxgi1Support2.cpp">
      <Filter>Source Files</Filter>
    </ClCompile>
    <ClCompile Include="FileDialogEx.cpp">
      <Filter>Source Files</Filter>
    </ClCompile>
    <ClCompile Include="FilePathHelper.cpp">
      <Filter>Source Files</Filter>
    </ClCompile>
    <ClCompile Include="HistoryTrafficCalendarDlg.cpp">
      <Filter>Source Files</Filter>
    </ClCompile>
    <ClCompile Include="HistoryTrafficFile.cpp">
      <Filter>Source Files</Filter>
    </ClCompile>
    <ClCompile Include="HistoryTrafficListDlg.cpp">
      <Filter>Source Files</Filter>
    </ClCompile>
    <ClCompile Include="HResultException.cpp">
      <Filter>Source Files</Filter>
    </ClCompile>
    <ClCompile Include="IDrawCommon.cpp">
      <Filter>Source Files</Filter>
    </ClCompile>
    <ClCompile Include="Image2DEffect.cpp">
      <Filter>Source Files</Filter>
    </ClCompile>
    <ClCompile Include="LinkStatic.cpp">
      <Filter>Source Files</Filter>
    </ClCompile>
    <ClCompile Include="ColorStatic.cpp">
      <Filter>Source Files</Filter>
    </ClCompile>
    <ClCompile Include="Common.cpp">
      <Filter>Source Files</Filter>
    </ClCompile>
    <ClCompile Include="DrawCommon.cpp">
      <Filter>Source Files</Filter>
    </ClCompile>
    <ClCompile Include="GeneralSettingsDlg.cpp">
      <Filter>Source Files</Filter>
    </ClCompile>
    <ClCompile Include="HistoryTrafficDlg.cpp">
      <Filter>Source Files</Filter>
    </ClCompile>
    <ClCompile Include="IconSelectDlg.cpp">
      <Filter>Source Files</Filter>
    </ClCompile>
    <ClCompile Include="IniHelper.cpp">
      <Filter>Source Files</Filter>
    </ClCompile>
    <ClCompile Include="HistoryTrafficListCtrl.cpp">
      <Filter>Source Files</Filter>
    </ClCompile>
    <ClCompile Include="ListCtrlEx.cpp">
      <Filter>Source Files</Filter>
    </ClCompile>
    <ClCompile Include="MessageDlg.cpp">
      <Filter>Source Files</Filter>
    </ClCompile>
    <ClCompile Include="NetworkInfoDlg.cpp">
      <Filter>Source Files</Filter>
    </ClCompile>
    <ClCompile Include="OptionsDlg.cpp">
      <Filter>Source Files</Filter>
    </ClCompile>
    <ClCompile Include="PdhHardwareQuery\CPUUsage.cpp">
      <Filter>Source Files</Filter>
    </ClCompile>
    <ClCompile Include="PdhHardwareQuery\CpuFreq.cpp">
      <Filter>Source Files</Filter>
    </ClCompile>
    <ClCompile Include="PdhHardwareQuery\GpuUsage.cpp">
      <Filter>Source Files</Filter>
    </ClCompile>
    <ClCompile Include="PdhHardwareQuery\DiskUsage.cpp">
      <Filter>Source Files</Filter>
    </ClCompile>
    <ClCompile Include="PdhHardwareQuery\PdhQuery.cpp">
      <Filter>Source Files</Filter>
    </ClCompile>
    <ClCompile Include="PictureStatic.cpp">
      <Filter>Source Files</Filter>
    </ClCompile>
    <ClCompile Include="SelectConnectionsDlg.cpp">
      <Filter>Source Files</Filter>
    </ClCompile>
    <ClCompile Include="SetItemOrderDlg.cpp">
      <Filter>Source Files</Filter>
    </ClCompile>
    <ClCompile Include="SettingsHelper.cpp">
      <Filter>Source Files</Filter>
    </ClCompile>
    <ClCompile Include="SimpleXML.cpp">
      <Filter>Source Files</Filter>
    </ClCompile>
    <ClCompile Include="SpinEdit.cpp">
      <Filter>Source Files</Filter>
    </ClCompile>
    <ClCompile Include="StaticEx.cpp">
      <Filter>Source Files</Filter>
    </ClCompile>
    <ClCompile Include="stdafx.cpp">
      <Filter>Source Files</Filter>
    </ClCompile>
    <ClCompile Include="StrTable.cpp">
      <Filter>Source Files</Filter>
    </ClCompile>
    <ClCompile Include="SupportedRenderEnums.cpp">
      <Filter>Source Files</Filter>
    </ClCompile>
    <ClCompile Include="TabDlg.cpp">
      <Filter>Source Files</Filter>
    </ClCompile>
    <ClCompile Include="TaskbarColorDlg.cpp">
      <Filter>Source Files</Filter>
    </ClCompile>
    <ClCompile Include="TaskbarDefaultStyle.cpp">
      <Filter>Source Files</Filter>
    </ClCompile>
    <ClCompile Include="TaskBarDlg.cpp">
      <Filter>Source Files</Filter>
    </ClCompile>
    <ClCompile Include="TaskBarDlgDrawCommon.cpp">
      <Filter>Source Files</Filter>
    </ClCompile>
    <ClCompile Include="TaskbarHelper.cpp">
      <Filter>Source Files</Filter>
    </ClCompile>
    <ClCompile Include="TaskbarItemOrderHelper.cpp">
      <Filter>Source Files</Filter>
    </ClCompile>
    <ClCompile Include="TaskBarSettingsDlg.cpp">
      <Filter>Source Files</Filter>
    </ClCompile>
    <ClCompile Include="Test.cpp">
      <Filter>Source Files</Filter>
    </ClCompile>
    <ClCompile Include="tinyxml2\tinyxml2.cpp">
      <Filter>Source Files</Filter>
    </ClCompile>
    <ClCompile Include="TaskbarMon.cpp">
      <Filter>Source Files</Filter>
    </ClCompile>
    <ClCompile Include="TrafficMonitorDlg.cpp">
      <Filter>Source Files</Filter>
    </ClCompile>
    <ClCompile Include="UpdateHelper.cpp">
      <Filter>Source Files</Filter>
    </ClCompile>
    <ClCompile Include="WIC.cpp">
      <Filter>Source Files</Filter>
    </ClCompile>
    <ClCompile Include="core\MonitorService.cpp">
      <Filter>Source Files</Filter>
    </ClCompile>
    <ClCompile Include="core\ConfigStore.cpp">
      <Filter>Source Files</Filter>
    </ClCompile>
    <ClCompile Include="Win11TaskbarDlg.cpp">
      <Filter>Source Files</Filter>
    </ClCompile>
    <ClCompile Include="Win11TaskbarSettingDlg.cpp">
      <Filter>Source Files</Filter>
    </ClCompile>
    <ClCompile Include="WindowsSettingHelper.cpp">
      <Filter>Source Files</Filter>
    </ClCompile>
    <ClCompile Include="WindowsWebExperienceDetector.cpp">
      <Filter>Source Files</Filter>
    </ClCompile>
    <ClCompile Include="WineTaskbarDlg.cpp">
      <Filter>Source Files</Filter>
    </ClCompile>
    <ClCompile Include="WinVersionHelper.cpp">
      <Filter>Source Files</Filter>
    </ClCompile>
  </ItemGroup>
  <ItemGroup>
    <None Include="..\LICENSE">
      <Filter>Other Files</Filter>
    </None>
    <None Include="..\LICENSE_CN">
      <Filter>Other Files</Filter>
    </None>
    <None Include="language\English.ini">
      <Filter>Other Files</Filter>
    </None>
    <None Include="language\Simplified_Chinese.ini">
      <Filter>Other Files</Filter>
    </None>
    <None Include="language\Traditional_Chinese.ini">
      <Filter>Other Files</Filter>
    </None>
    <None Include="res\TaskbarMon.rc2">
      <Filter>Other Files</Filter>
    </None>
  </ItemGroup>
</Project>
